{
  "requires": true,
  "lockfileVersion": 1,
  "dependencies": {
    "deep-diff": {
      "version": "0.3.8",
      "resolved": "https://registry.npmjs.org/deep-diff/-/deep-diff-0.3.8.tgz",
      "integrity": "sha1-wB3mPvsO7JeYgB1Ax+Da4ltYLIQ="
    },
    "redux-devtools-extension": {
      "version": "2.13.2",
      "resolved": "https://registry.npmjs.org/redux-devtools-extension/-/redux-devtools-extension-2.13.2.tgz",
      "integrity": "sha1-4Pmo6N/KfBe+kscSSVijuU6ykR0=",
      "dev": true
    },
    "redux-logger": {
      "version": "3.0.6",
      "requires": {
        "deep-diff": "0.3.8"
      }
    },
    "redux-thunk": {
      "version": "2.2.0"
    }
  }
}
